
Microsoft Visual Studio Solution File, Format Version 12.00
# Visual Studio Version 16
VisualStudioVersion = 16.0.31911.196
MinimumVisualStudioVersion = 10.0.40219.1
Project("{FAE04EC0-301F-11D3-BF4B-00C04F79EFBC}") = "MvcLabApp", "MvcLabApp.csproj", "{7939245B-CC49-4719-A471-6A6447E53804}"
EndProject
Global
	GlobalSection(SolutionConfigurationPlatforms) = preSolution
		Debug|Any CPU = Debug|Any CPU
		Release|Any CPU = Release|Any CPU
	EndGlobalSection
	GlobalSection(ProjectConfigurationPlatforms) = postSolution
		{7939245B-CC49-4719-A471-6A6447E53804}.Debug|Any CPU.ActiveCfg = Debug|Any CPU
		{7939245B-CC49-4719-A471-6A6447E53804}.Debug|Any CPU.Build.0 = Debug|Any CPU
		{7939245B-CC49-4719-A471-6A6447E53804}.Release|Any CPU.ActiveCfg = Release|Any CPU
		{7939245B-CC49-4719-A471-6A6447E53804}.Release|Any CPU.Build.0 = Release|Any CPU
	EndGlobalSection
	GlobalSection(SolutionProperties) = preSolution
		HideSolutionNode = FALSE
	EndGlobalSection
	GlobalSection(ExtensibilityGlobals) = postSolution
		SolutionGuid = {EF776A94-DB6C-4B3B-9A3E-92A419A97952}
	EndGlobalSection
EndGlobal
